
Microsoft Visual Studio Solution File, Format Version 12.00
# Visual Studio Version 16
VisualStudioVersion = 16.0.30204.135
MinimumVisualStudioVersion = 10.0.40219.1
Project("{00D1A9C2-B5F0-4AF3-8072-F6C62B433612}") = "IntelligentMatcherUserDatabase", "UserDatabase\IntelligentMatcherUserDatabase.sqlproj", "{3CE732A6-6040-4B36-8CA8-1A7AAF80724D}"
EndProject
Project("{9A19103F-16F7-4668-BE54-9A1E7A4F7556}") = "UserManagement", "UserManagement\UserManagement.csproj", "{875145C4-6477-4993-A865-EE4CE1CECDD3}"
	ProjectSection(ProjectDependencies) = postProject
		{B9AA3749-F496-49AC-8CDD-20B812D2DAD2} = {B9AA3749-F496-49AC-8CDD-20B812D2DAD2}
		{683879BC-A735-421B-B164-6E3AE56FB39C} = {683879BC-A735-421B-B164-6E3AE56FB39C}
	EndProjectSection
EndProject
Project("{2150E333-8FDC-42A3-9474-1A3956D46DE8}") = "BusinessLayer", "BusinessLayer", "{30F34A1E-63FF-4BB4-ADB7-80F304C356A8}"
EndProject
Project("{9A19103F-16F7-4668-BE54-9A1E7A4F7556}") = "DataAccess", "DataAccess\DataAccess.csproj", "{C3C33B62-51A3-4448-8D21-355601903FE0}"
EndProject
Project("{9A19103F-16F7-4668-BE54-9A1E7A4F7556}") = "Models", "Models\Models.csproj", "{4AB53DEC-B491-4FBA-B0BD-F892D6B5461A}"
EndProject
Project("{2150E333-8FDC-42A3-9474-1A3956D46DE8}") = "DataAccessLayer", "DataAccessLayer", "{F50ADB4B-3B7F-4A5E-928C-EF32CD1BA866}"
EndProject
Project("{2150E333-8FDC-42A3-9474-1A3956D46DE8}") = "DataStores", "DataStores", "{F6624DBC-5BF3-4EF4-BD89-4D1A9897A627}"
	ProjectSection(SolutionItems) = preProject
		Models\UserProfileModel.cs = Models\UserProfileModel.cs
	EndProjectSection
EndProject
Project("{2150E333-8FDC-42A3-9474-1A3956D46DE8}") = "ApiLayer", "ApiLayer", "{938CCB21-ABFE-4F2D-9FE1-4024A3E7F237}"
EndProject
Project("{9A19103F-16F7-4668-BE54-9A1E7A4F7556}") = "Logging", "Logging\Logging.csproj", "{DE0652BC-24CC-4C6C-9714-0C5A98853C91}"
	ProjectSection(ProjectDependencies) = postProject
		{4AB53DEC-B491-4FBA-B0BD-F892D6B5461A} = {4AB53DEC-B491-4FBA-B0BD-F892D6B5461A}
	EndProjectSection
EndProject
Project("{9A19103F-16F7-4668-BE54-9A1E7A4F7556}") = "DataAccessUnitTestes", "DataAccessUnitTestes\DataAccessUnitTestes.csproj", "{B07072F3-D66B-42C5-9883-9EB1C90D4FF0}"
EndProject
Project("{9A19103F-16F7-4668-BE54-9A1E7A4F7556}") = "BusinessLayerUnitTests", "BusinessLayerUnitTests\BusinessLayerUnitTests.csproj", "{A0DAAA98-0246-4763-9236-115307F5642C}"
	ProjectSection(ProjectDependencies) = postProject
		{DE0652BC-24CC-4C6C-9714-0C5A98853C91} = {DE0652BC-24CC-4C6C-9714-0C5A98853C91}
	EndProjectSection
EndProject
Project("{2150E333-8FDC-42A3-9474-1A3956D46DE8}") = "UnitTests", "UnitTests", "{E9EDCAD2-EA48-412C-83E5-587CE431B806}"
EndProject
Project("{9A19103F-16F7-4668-BE54-9A1E7A4F7556}") = "Services", "Services\Services.csproj", "{B9AA3749-F496-49AC-8CDD-20B812D2DAD2}"
	ProjectSection(ProjectDependencies) = postProject
		{683879BC-A735-421B-B164-6E3AE56FB39C} = {683879BC-A735-421B-B164-6E3AE56FB39C}
	EndProjectSection
EndProject
Project("{9A19103F-16F7-4668-BE54-9A1E7A4F7556}") = "BusinessModels", "BusinessModels\BusinessModels.csproj", "{683879BC-A735-421B-B164-6E3AE56FB39C}"
	ProjectSection(ProjectDependencies) = postProject
		{C3C33B62-51A3-4448-8D21-355601903FE0} = {C3C33B62-51A3-4448-8D21-355601903FE0}
	EndProjectSection
EndProject
Project("{9A19103F-16F7-4668-BE54-9A1E7A4F7556}") = "EmailVerification", "EmailVerification\EmailVerification.csproj", "{B224F819-DE16-4CE6-9A3F-2A418CDDB52B}"
EndProject
Project("{9A19103F-16F7-4668-BE54-9A1E7A4F7556}") = "Security", "Security\Security.csproj", "{AE0FC528-EB30-4A8E-97CD-411434997599}"
EndProject
Project("{9A19103F-16F7-4668-BE54-9A1E7A4F7556}") = "TraditionalListings", "TraditionalListings\TraditionalListings.csproj", "{3DC611F0-88AC-4A74-8393-9E7C1083A0C8}"
EndProject
Project("{9A19103F-16F7-4668-BE54-9A1E7A4F7556}") = "TraditionalListingSearch", "TraditionalListingSearch\TraditionalListingSearch.csproj", "{0BCD2109-AA8A-49BA-A754-F796C22EAA2F}"
EndProject
Project("{9A19103F-16F7-4668-BE54-9A1E7A4F7556}") = "UserAccountSettings", "UserAccountSettings\UserAccountSettings.csproj", "{8E6B46A7-E35A-49D3-A698-452B1B2CF2AF}"
EndProject
Project("{9A19103F-16F7-4668-BE54-9A1E7A4F7556}") = "Registration", "Registration\Registration.csproj", "{6EE4E71B-963B-4088-91A0-3868794587F9}"
EndProject
Project("{9A19103F-16F7-4668-BE54-9A1E7A4F7556}") = "TestHelper", "TestHelper\TestHelper.csproj", "{4C005678-7171-4D26-BC47-5F931C9264F9}"
EndProject
Project("{9A19103F-16F7-4668-BE54-9A1E7A4F7556}") = "Login", "Login\Login.csproj", "{9C176019-7E2B-4AF5-A2C8-AC40FF2888D3}"
EndProject
Project("{9A19103F-16F7-4668-BE54-9A1E7A4F7556}") = "ControllerLayerTest", "ControllerLayerTest\ControllerLayerTest.csproj", "{35766F9E-5F00-4EAE-A5E3-36C1B9A077B4}"
EndProject
Project("{9A19103F-16F7-4668-BE54-9A1E7A4F7556}") = "Messaging", "Messaging\Messaging.csproj", "{A5E9DF47-65A0-4021-81D6-89B824BB0CF5}"
EndProject
Project("{9A19103F-16F7-4668-BE54-9A1E7A4F7556}") = "ControllerModels", "ControllerModels\ControllerModels.csproj", "{0AA63432-BEF6-4936-8161-B1BD95193E11}"
EndProject
Project("{9A19103F-16F7-4668-BE54-9A1E7A4F7556}") = "FriendList", "FriendList\FriendList.csproj", "{1186FC83-C5D3-4716-92B8-EE86A8FF2D65}"
EndProject
Project("{9A19103F-16F7-4668-BE54-9A1E7A4F7556}") = "PublicUserProfile", "PublicUserProfile\PublicUserProfile.csproj", "{B11B5A59-9268-4D8C-9516-1E297F71A015}"
EndProject
Project("{2150E333-8FDC-42A3-9474-1A3956D46DE8}") = "User Access Control", "User Access Control", "{D1CFDE0D-5FBD-4143-B164-C77527F9E84F}"
EndProject
Project("{9A19103F-16F7-4668-BE54-9A1E7A4F7556}") = "AuthorizationPolicySystem", "AuthorizationPolicySystem\AuthorizationPolicySystem.csproj", "{08567F0C-34E4-4DEE-9094-064C68D6578F}"
EndProject
Project("{9A19103F-16F7-4668-BE54-9A1E7A4F7556}") = "IdentityServices", "IdentityServices\IdentityServices.csproj", "{2E73177C-1375-40FC-A703-1458F73A6887}"
EndProject
Project("{9A19103F-16F7-4668-BE54-9A1E7A4F7556}") = "AuthorizationServices", "AuthorizationServices\AuthorizationServices.csproj", "{F23C98F0-E2F9-4766-894C-2503CDBAA9C0}"
EndProject
Project("{9A19103F-16F7-4668-BE54-9A1E7A4F7556}") = "AuthorizationAttributeSystem", "AuthorizationAttributeSystem\AuthorizationAttributeSystem.csproj", "{240A1EF9-06E9-41F1-88F9-E3CA32AF88B1}"
EndProject
Project("{9A19103F-16F7-4668-BE54-9A1E7A4F7556}") = "UserAccessControl", "UserAccessControl\UserAccessControl.csproj", "{280B529E-D3ED-43B5-8778-0ABD2AC5C346}"
EndProject
Project("{9A19103F-16F7-4668-BE54-9A1E7A4F7556}") = "AuthorizationResolutionSystem", "AuthorizationResolutionSystem\AuthorizationResolutionSystem.csproj", "{102B2F75-66E3-4FF0-8549-1F5B8E26854B}"
EndProject
Project("{9A19103F-16F7-4668-BE54-9A1E7A4F7556}") = "Exceptions", "Exceptions\Exceptions.csproj", "{1FA40F8A-0D62-4A39-B4F6-09BB0D990663}"
EndProject
Project("{9A19103F-16F7-4668-BE54-9A1E7A4F7556}") = "Archiving", "Archiving\Archiving.csproj", "{C898E3D0-BF54-4897-8955-08948CDF825D}"
EndProject
Project("{9A19103F-16F7-4668-BE54-9A1E7A4F7556}") = "Cross-Cutting Concerns", "Cross-Cutting Concerns\Cross-Cutting Concerns.csproj", "{F7C32FB0-589D-4B78-BE7F-B0D12C1FBEA5}"
EndProject
Project("{9A19103F-16F7-4668-BE54-9A1E7A4F7556}") = "AuthenticationSystem", "AuthenticationSystem\AuthenticationSystem.csproj", "{6F579979-21B4-4813-8EC9-9C6C7529C2FE}"
EndProject
Project("{2150E333-8FDC-42A3-9474-1A3956D46DE8}") = "UserAnalysisDashboard", "UserAnalysisDashboard", "{630FE309-13E9-4E72-ABBC-5592EEC7CC4B}"
EndProject
Project("{9A19103F-16F7-4668-BE54-9A1E7A4F7556}") = "UserAnalysisManager", "UserAnalysisManager\UserAnalysisManager.csproj", "{F75765AB-6FDE-44FA-B6AC-B5613C6A0C00}"
EndProject
Project("{9A19103F-16F7-4668-BE54-9A1E7A4F7556}") = "WebApi", "WebApi\WebApi.csproj", "{FF83A6BB-E7B1-406F-96CF-D25F8F448C01}"
EndProject
Project("{FAE04EC0-301F-11D3-BF4B-00C04F79EFBC}") = "Help", "Help\Help.csproj", "{9A69C051-610C-4F95-AB3D-6028BCCE8116}"
EndProject
Global
	GlobalSection(SolutionConfigurationPlatforms) = preSolution
		Debug|Any CPU = Debug|Any CPU
		Release|Any CPU = Release|Any CPU
	EndGlobalSection
	GlobalSection(ProjectConfigurationPlatforms) = postSolution
		{3CE732A6-6040-4B36-8CA8-1A7AAF80724D}.Debug|Any CPU.ActiveCfg = Debug|Any CPU
		{3CE732A6-6040-4B36-8CA8-1A7AAF80724D}.Debug|Any CPU.Build.0 = Debug|Any CPU
		{3CE732A6-6040-4B36-8CA8-1A7AAF80724D}.Debug|Any CPU.Deploy.0 = Debug|Any CPU
		{3CE732A6-6040-4B36-8CA8-1A7AAF80724D}.Release|Any CPU.ActiveCfg = Release|Any CPU
		{3CE732A6-6040-4B36-8CA8-1A7AAF80724D}.Release|Any CPU.Build.0 = Release|Any CPU
		{3CE732A6-6040-4B36-8CA8-1A7AAF80724D}.Release|Any CPU.Deploy.0 = Release|Any CPU
		{875145C4-6477-4993-A865-EE4CE1CECDD3}.Debug|Any CPU.ActiveCfg = Debug|Any CPU
		{875145C4-6477-4993-A865-EE4CE1CECDD3}.Debug|Any CPU.Build.0 = Debug|Any CPU
		{875145C4-6477-4993-A865-EE4CE1CECDD3}.Release|Any CPU.ActiveCfg = Release|Any CPU
		{875145C4-6477-4993-A865-EE4CE1CECDD3}.Release|Any CPU.Build.0 = Release|Any CPU
		{C3C33B62-51A3-4448-8D21-355601903FE0}.Debug|Any CPU.ActiveCfg = Debug|Any CPU
		{C3C33B62-51A3-4448-8D21-355601903FE0}.Debug|Any CPU.Build.0 = Debug|Any CPU
		{C3C33B62-51A3-4448-8D21-355601903FE0}.Release|Any CPU.ActiveCfg = Release|Any CPU
		{C3C33B62-51A3-4448-8D21-355601903FE0}.Release|Any CPU.Build.0 = Release|Any CPU
		{4AB53DEC-B491-4FBA-B0BD-F892D6B5461A}.Debug|Any CPU.ActiveCfg = Debug|Any CPU
		{4AB53DEC-B491-4FBA-B0BD-F892D6B5461A}.Debug|Any CPU.Build.0 = Debug|Any CPU
		{4AB53DEC-B491-4FBA-B0BD-F892D6B5461A}.Release|Any CPU.ActiveCfg = Release|Any CPU
		{4AB53DEC-B491-4FBA-B0BD-F892D6B5461A}.Release|Any CPU.Build.0 = Release|Any CPU
		{DE0652BC-24CC-4C6C-9714-0C5A98853C91}.Debug|Any CPU.ActiveCfg = Debug|Any CPU
		{DE0652BC-24CC-4C6C-9714-0C5A98853C91}.Debug|Any CPU.Build.0 = Debug|Any CPU
		{DE0652BC-24CC-4C6C-9714-0C5A98853C91}.Release|Any CPU.ActiveCfg = Release|Any CPU
		{DE0652BC-24CC-4C6C-9714-0C5A98853C91}.Release|Any CPU.Build.0 = Release|Any CPU
		{B07072F3-D66B-42C5-9883-9EB1C90D4FF0}.Debug|Any CPU.ActiveCfg = Debug|Any CPU
		{B07072F3-D66B-42C5-9883-9EB1C90D4FF0}.Debug|Any CPU.Build.0 = Debug|Any CPU
		{B07072F3-D66B-42C5-9883-9EB1C90D4FF0}.Release|Any CPU.ActiveCfg = Release|Any CPU
		{B07072F3-D66B-42C5-9883-9EB1C90D4FF0}.Release|Any CPU.Build.0 = Release|Any CPU
		{A0DAAA98-0246-4763-9236-115307F5642C}.Debug|Any CPU.ActiveCfg = Debug|Any CPU
		{A0DAAA98-0246-4763-9236-115307F5642C}.Debug|Any CPU.Build.0 = Debug|Any CPU
		{A0DAAA98-0246-4763-9236-115307F5642C}.Release|Any CPU.ActiveCfg = Release|Any CPU
		{A0DAAA98-0246-4763-9236-115307F5642C}.Release|Any CPU.Build.0 = Release|Any CPU
		{B9AA3749-F496-49AC-8CDD-20B812D2DAD2}.Debug|Any CPU.ActiveCfg = Debug|Any CPU
		{B9AA3749-F496-49AC-8CDD-20B812D2DAD2}.Debug|Any CPU.Build.0 = Debug|Any CPU
		{B9AA3749-F496-49AC-8CDD-20B812D2DAD2}.Release|Any CPU.ActiveCfg = Release|Any CPU
		{B9AA3749-F496-49AC-8CDD-20B812D2DAD2}.Release|Any CPU.Build.0 = Release|Any CPU
		{683879BC-A735-421B-B164-6E3AE56FB39C}.Debug|Any CPU.ActiveCfg = Debug|Any CPU
		{683879BC-A735-421B-B164-6E3AE56FB39C}.Debug|Any CPU.Build.0 = Debug|Any CPU
		{683879BC-A735-421B-B164-6E3AE56FB39C}.Release|Any CPU.ActiveCfg = Release|Any CPU
		{683879BC-A735-421B-B164-6E3AE56FB39C}.Release|Any CPU.Build.0 = Release|Any CPU
		{B224F819-DE16-4CE6-9A3F-2A418CDDB52B}.Debug|Any CPU.ActiveCfg = Debug|Any CPU
		{B224F819-DE16-4CE6-9A3F-2A418CDDB52B}.Debug|Any CPU.Build.0 = Debug|Any CPU
		{B224F819-DE16-4CE6-9A3F-2A418CDDB52B}.Release|Any CPU.ActiveCfg = Release|Any CPU
		{B224F819-DE16-4CE6-9A3F-2A418CDDB52B}.Release|Any CPU.Build.0 = Release|Any CPU
		{AE0FC528-EB30-4A8E-97CD-411434997599}.Debug|Any CPU.ActiveCfg = Debug|Any CPU
		{AE0FC528-EB30-4A8E-97CD-411434997599}.Debug|Any CPU.Build.0 = Debug|Any CPU
		{AE0FC528-EB30-4A8E-97CD-411434997599}.Release|Any CPU.ActiveCfg = Release|Any CPU
		{AE0FC528-EB30-4A8E-97CD-411434997599}.Release|Any CPU.Build.0 = Release|Any CPU
		{3DC611F0-88AC-4A74-8393-9E7C1083A0C8}.Debug|Any CPU.ActiveCfg = Debug|Any CPU
		{3DC611F0-88AC-4A74-8393-9E7C1083A0C8}.Debug|Any CPU.Build.0 = Debug|Any CPU
		{3DC611F0-88AC-4A74-8393-9E7C1083A0C8}.Release|Any CPU.ActiveCfg = Release|Any CPU
		{3DC611F0-88AC-4A74-8393-9E7C1083A0C8}.Release|Any CPU.Build.0 = Release|Any CPU
		{0BCD2109-AA8A-49BA-A754-F796C22EAA2F}.Debug|Any CPU.ActiveCfg = Debug|Any CPU
		{0BCD2109-AA8A-49BA-A754-F796C22EAA2F}.Debug|Any CPU.Build.0 = Debug|Any CPU
		{0BCD2109-AA8A-49BA-A754-F796C22EAA2F}.Release|Any CPU.ActiveCfg = Release|Any CPU
		{0BCD2109-AA8A-49BA-A754-F796C22EAA2F}.Release|Any CPU.Build.0 = Release|Any CPU
		{8E6B46A7-E35A-49D3-A698-452B1B2CF2AF}.Debug|Any CPU.ActiveCfg = Debug|Any CPU
		{8E6B46A7-E35A-49D3-A698-452B1B2CF2AF}.Debug|Any CPU.Build.0 = Debug|Any CPU
		{8E6B46A7-E35A-49D3-A698-452B1B2CF2AF}.Release|Any CPU.ActiveCfg = Release|Any CPU
		{8E6B46A7-E35A-49D3-A698-452B1B2CF2AF}.Release|Any CPU.Build.0 = Release|Any CPU
		{6EE4E71B-963B-4088-91A0-3868794587F9}.Debug|Any CPU.ActiveCfg = Debug|Any CPU
		{6EE4E71B-963B-4088-91A0-3868794587F9}.Debug|Any CPU.Build.0 = Debug|Any CPU
		{6EE4E71B-963B-4088-91A0-3868794587F9}.Release|Any CPU.ActiveCfg = Release|Any CPU
		{6EE4E71B-963B-4088-91A0-3868794587F9}.Release|Any CPU.Build.0 = Release|Any CPU
		{4C005678-7171-4D26-BC47-5F931C9264F9}.Debug|Any CPU.ActiveCfg = Debug|Any CPU
		{4C005678-7171-4D26-BC47-5F931C9264F9}.Debug|Any CPU.Build.0 = Debug|Any CPU
		{4C005678-7171-4D26-BC47-5F931C9264F9}.Release|Any CPU.ActiveCfg = Release|Any CPU
		{4C005678-7171-4D26-BC47-5F931C9264F9}.Release|Any CPU.Build.0 = Release|Any CPU
		{9C176019-7E2B-4AF5-A2C8-AC40FF2888D3}.Debug|Any CPU.ActiveCfg = Debug|Any CPU
		{9C176019-7E2B-4AF5-A2C8-AC40FF2888D3}.Debug|Any CPU.Build.0 = Debug|Any CPU
		{9C176019-7E2B-4AF5-A2C8-AC40FF2888D3}.Release|Any CPU.ActiveCfg = Release|Any CPU
		{9C176019-7E2B-4AF5-A2C8-AC40FF2888D3}.Release|Any CPU.Build.0 = Release|Any CPU
		{35766F9E-5F00-4EAE-A5E3-36C1B9A077B4}.Debug|Any CPU.ActiveCfg = Debug|Any CPU
		{35766F9E-5F00-4EAE-A5E3-36C1B9A077B4}.Debug|Any CPU.Build.0 = Debug|Any CPU
		{35766F9E-5F00-4EAE-A5E3-36C1B9A077B4}.Release|Any CPU.ActiveCfg = Release|Any CPU
		{35766F9E-5F00-4EAE-A5E3-36C1B9A077B4}.Release|Any CPU.Build.0 = Release|Any CPU
		{A5E9DF47-65A0-4021-81D6-89B824BB0CF5}.Debug|Any CPU.ActiveCfg = Debug|Any CPU
		{A5E9DF47-65A0-4021-81D6-89B824BB0CF5}.Debug|Any CPU.Build.0 = Debug|Any CPU
		{A5E9DF47-65A0-4021-81D6-89B824BB0CF5}.Release|Any CPU.ActiveCfg = Release|Any CPU
		{A5E9DF47-65A0-4021-81D6-89B824BB0CF5}.Release|Any CPU.Build.0 = Release|Any CPU
		{0AA63432-BEF6-4936-8161-B1BD95193E11}.Debug|Any CPU.ActiveCfg = Debug|Any CPU
		{0AA63432-BEF6-4936-8161-B1BD95193E11}.Debug|Any CPU.Build.0 = Debug|Any CPU
		{0AA63432-BEF6-4936-8161-B1BD95193E11}.Release|Any CPU.ActiveCfg = Release|Any CPU
		{0AA63432-BEF6-4936-8161-B1BD95193E11}.Release|Any CPU.Build.0 = Release|Any CPU
		{1186FC83-C5D3-4716-92B8-EE86A8FF2D65}.Debug|Any CPU.ActiveCfg = Debug|Any CPU
		{1186FC83-C5D3-4716-92B8-EE86A8FF2D65}.Debug|Any CPU.Build.0 = Debug|Any CPU
		{1186FC83-C5D3-4716-92B8-EE86A8FF2D65}.Release|Any CPU.ActiveCfg = Release|Any CPU
		{1186FC83-C5D3-4716-92B8-EE86A8FF2D65}.Release|Any CPU.Build.0 = Release|Any CPU
		{B11B5A59-9268-4D8C-9516-1E297F71A015}.Debug|Any CPU.ActiveCfg = Debug|Any CPU
		{B11B5A59-9268-4D8C-9516-1E297F71A015}.Debug|Any CPU.Build.0 = Debug|Any CPU
		{B11B5A59-9268-4D8C-9516-1E297F71A015}.Release|Any CPU.ActiveCfg = Release|Any CPU
		{B11B5A59-9268-4D8C-9516-1E297F71A015}.Release|Any CPU.Build.0 = Release|Any CPU
		{08567F0C-34E4-4DEE-9094-064C68D6578F}.Debug|Any CPU.ActiveCfg = Debug|Any CPU
		{08567F0C-34E4-4DEE-9094-064C68D6578F}.Debug|Any CPU.Build.0 = Debug|Any CPU
		{08567F0C-34E4-4DEE-9094-064C68D6578F}.Release|Any CPU.ActiveCfg = Release|Any CPU
		{08567F0C-34E4-4DEE-9094-064C68D6578F}.Release|Any CPU.Build.0 = Release|Any CPU
		{2E73177C-1375-40FC-A703-1458F73A6887}.Debug|Any CPU.ActiveCfg = Debug|Any CPU
		{2E73177C-1375-40FC-A703-1458F73A6887}.Debug|Any CPU.Build.0 = Debug|Any CPU
		{2E73177C-1375-40FC-A703-1458F73A6887}.Release|Any CPU.ActiveCfg = Release|Any CPU
		{2E73177C-1375-40FC-A703-1458F73A6887}.Release|Any CPU.Build.0 = Release|Any CPU
		{F23C98F0-E2F9-4766-894C-2503CDBAA9C0}.Debug|Any CPU.ActiveCfg = Debug|Any CPU
		{F23C98F0-E2F9-4766-894C-2503CDBAA9C0}.Debug|Any CPU.Build.0 = Debug|Any CPU
		{F23C98F0-E2F9-4766-894C-2503CDBAA9C0}.Release|Any CPU.ActiveCfg = Release|Any CPU
		{F23C98F0-E2F9-4766-894C-2503CDBAA9C0}.Release|Any CPU.Build.0 = Release|Any CPU
		{240A1EF9-06E9-41F1-88F9-E3CA32AF88B1}.Debug|Any CPU.ActiveCfg = Debug|Any CPU
		{240A1EF9-06E9-41F1-88F9-E3CA32AF88B1}.Debug|Any CPU.Build.0 = Debug|Any CPU
		{240A1EF9-06E9-41F1-88F9-E3CA32AF88B1}.Release|Any CPU.ActiveCfg = Release|Any CPU
		{240A1EF9-06E9-41F1-88F9-E3CA32AF88B1}.Release|Any CPU.Build.0 = Release|Any CPU
		{280B529E-D3ED-43B5-8778-0ABD2AC5C346}.Debug|Any CPU.ActiveCfg = Debug|Any CPU
		{280B529E-D3ED-43B5-8778-0ABD2AC5C346}.Debug|Any CPU.Build.0 = Debug|Any CPU
		{280B529E-D3ED-43B5-8778-0ABD2AC5C346}.Release|Any CPU.ActiveCfg = Release|Any CPU
		{280B529E-D3ED-43B5-8778-0ABD2AC5C346}.Release|Any CPU.Build.0 = Release|Any CPU
		{102B2F75-66E3-4FF0-8549-1F5B8E26854B}.Debug|Any CPU.ActiveCfg = Debug|Any CPU
		{102B2F75-66E3-4FF0-8549-1F5B8E26854B}.Debug|Any CPU.Build.0 = Debug|Any CPU
		{102B2F75-66E3-4FF0-8549-1F5B8E26854B}.Release|Any CPU.ActiveCfg = Release|Any CPU
		{102B2F75-66E3-4FF0-8549-1F5B8E26854B}.Release|Any CPU.Build.0 = Release|Any CPU
		{1FA40F8A-0D62-4A39-B4F6-09BB0D990663}.Debug|Any CPU.ActiveCfg = Debug|Any CPU
		{1FA40F8A-0D62-4A39-B4F6-09BB0D990663}.Debug|Any CPU.Build.0 = Debug|Any CPU
		{1FA40F8A-0D62-4A39-B4F6-09BB0D990663}.Release|Any CPU.ActiveCfg = Release|Any CPU
		{1FA40F8A-0D62-4A39-B4F6-09BB0D990663}.Release|Any CPU.Build.0 = Release|Any CPU
		{C898E3D0-BF54-4897-8955-08948CDF825D}.Debug|Any CPU.ActiveCfg = Debug|Any CPU
		{C898E3D0-BF54-4897-8955-08948CDF825D}.Debug|Any CPU.Build.0 = Debug|Any CPU
		{C898E3D0-BF54-4897-8955-08948CDF825D}.Release|Any CPU.ActiveCfg = Release|Any CPU
		{C898E3D0-BF54-4897-8955-08948CDF825D}.Release|Any CPU.Build.0 = Release|Any CPU
		{F7C32FB0-589D-4B78-BE7F-B0D12C1FBEA5}.Debug|Any CPU.ActiveCfg = Debug|Any CPU
		{F7C32FB0-589D-4B78-BE7F-B0D12C1FBEA5}.Debug|Any CPU.Build.0 = Debug|Any CPU
		{F7C32FB0-589D-4B78-BE7F-B0D12C1FBEA5}.Release|Any CPU.ActiveCfg = Release|Any CPU
		{F7C32FB0-589D-4B78-BE7F-B0D12C1FBEA5}.Release|Any CPU.Build.0 = Release|Any CPU
		{6F579979-21B4-4813-8EC9-9C6C7529C2FE}.Debug|Any CPU.ActiveCfg = Debug|Any CPU
		{6F579979-21B4-4813-8EC9-9C6C7529C2FE}.Debug|Any CPU.Build.0 = Debug|Any CPU
		{6F579979-21B4-4813-8EC9-9C6C7529C2FE}.Release|Any CPU.ActiveCfg = Release|Any CPU
		{6F579979-21B4-4813-8EC9-9C6C7529C2FE}.Release|Any CPU.Build.0 = Release|Any CPU
		{F75765AB-6FDE-44FA-B6AC-B5613C6A0C00}.Debug|Any CPU.ActiveCfg = Debug|Any CPU
		{F75765AB-6FDE-44FA-B6AC-B5613C6A0C00}.Debug|Any CPU.Build.0 = Debug|Any CPU
		{F75765AB-6FDE-44FA-B6AC-B5613C6A0C00}.Release|Any CPU.ActiveCfg = Release|Any CPU
		{F75765AB-6FDE-44FA-B6AC-B5613C6A0C00}.Release|Any CPU.Build.0 = Release|Any CPU
		{FF83A6BB-E7B1-406F-96CF-D25F8F448C01}.Debug|Any CPU.ActiveCfg = Debug|Any CPU
		{FF83A6BB-E7B1-406F-96CF-D25F8F448C01}.Debug|Any CPU.Build.0 = Debug|Any CPU
		{FF83A6BB-E7B1-406F-96CF-D25F8F448C01}.Release|Any CPU.ActiveCfg = Release|Any CPU
		{FF83A6BB-E7B1-406F-96CF-D25F8F448C01}.Release|Any CPU.Build.0 = Release|Any CPU
		{9A69C051-610C-4F95-AB3D-6028BCCE8116}.Debug|Any CPU.ActiveCfg = Debug|Any CPU
		{9A69C051-610C-4F95-AB3D-6028BCCE8116}.Debug|Any CPU.Build.0 = Debug|Any CPU
		{9A69C051-610C-4F95-AB3D-6028BCCE8116}.Release|Any CPU.ActiveCfg = Release|Any CPU
		{9A69C051-610C-4F95-AB3D-6028BCCE8116}.Release|Any CPU.Build.0 = Release|Any CPU
	EndGlobalSection
	GlobalSection(SolutionProperties) = preSolution
		HideSolutionNode = FALSE
	EndGlobalSection
	GlobalSection(NestedProjects) = preSolution
		{3CE732A6-6040-4B36-8CA8-1A7AAF80724D} = {F6624DBC-5BF3-4EF4-BD89-4D1A9897A627}
		{875145C4-6477-4993-A865-EE4CE1CECDD3} = {30F34A1E-63FF-4BB4-ADB7-80F304C356A8}
		{C3C33B62-51A3-4448-8D21-355601903FE0} = {F50ADB4B-3B7F-4A5E-928C-EF32CD1BA866}
		{4AB53DEC-B491-4FBA-B0BD-F892D6B5461A} = {F50ADB4B-3B7F-4A5E-928C-EF32CD1BA866}
		{DE0652BC-24CC-4C6C-9714-0C5A98853C91} = {30F34A1E-63FF-4BB4-ADB7-80F304C356A8}
		{B07072F3-D66B-42C5-9883-9EB1C90D4FF0} = {E9EDCAD2-EA48-412C-83E5-587CE431B806}
		{A0DAAA98-0246-4763-9236-115307F5642C} = {E9EDCAD2-EA48-412C-83E5-587CE431B806}
		{B9AA3749-F496-49AC-8CDD-20B812D2DAD2} = {30F34A1E-63FF-4BB4-ADB7-80F304C356A8}
		{683879BC-A735-421B-B164-6E3AE56FB39C} = {30F34A1E-63FF-4BB4-ADB7-80F304C356A8}
		{AE0FC528-EB30-4A8E-97CD-411434997599} = {30F34A1E-63FF-4BB4-ADB7-80F304C356A8}
		{3DC611F0-88AC-4A74-8393-9E7C1083A0C8} = {30F34A1E-63FF-4BB4-ADB7-80F304C356A8}
		{0BCD2109-AA8A-49BA-A754-F796C22EAA2F} = {30F34A1E-63FF-4BB4-ADB7-80F304C356A8}
		{8E6B46A7-E35A-49D3-A698-452B1B2CF2AF} = {30F34A1E-63FF-4BB4-ADB7-80F304C356A8}
		{6EE4E71B-963B-4088-91A0-3868794587F9} = {30F34A1E-63FF-4BB4-ADB7-80F304C356A8}
		{4C005678-7171-4D26-BC47-5F931C9264F9} = {E9EDCAD2-EA48-412C-83E5-587CE431B806}
		{9C176019-7E2B-4AF5-A2C8-AC40FF2888D3} = {30F34A1E-63FF-4BB4-ADB7-80F304C356A8}
		{35766F9E-5F00-4EAE-A5E3-36C1B9A077B4} = {E9EDCAD2-EA48-412C-83E5-587CE431B806}
		{A5E9DF47-65A0-4021-81D6-89B824BB0CF5} = {30F34A1E-63FF-4BB4-ADB7-80F304C356A8}
		{0AA63432-BEF6-4936-8161-B1BD95193E11} = {938CCB21-ABFE-4F2D-9FE1-4024A3E7F237}
		{1186FC83-C5D3-4716-92B8-EE86A8FF2D65} = {30F34A1E-63FF-4BB4-ADB7-80F304C356A8}
		{B11B5A59-9268-4D8C-9516-1E297F71A015} = {30F34A1E-63FF-4BB4-ADB7-80F304C356A8}
		{D1CFDE0D-5FBD-4143-B164-C77527F9E84F} = {30F34A1E-63FF-4BB4-ADB7-80F304C356A8}
		{08567F0C-34E4-4DEE-9094-064C68D6578F} = {D1CFDE0D-5FBD-4143-B164-C77527F9E84F}
		{2E73177C-1375-40FC-A703-1458F73A6887} = {D1CFDE0D-5FBD-4143-B164-C77527F9E84F}
		{F23C98F0-E2F9-4766-894C-2503CDBAA9C0} = {D1CFDE0D-5FBD-4143-B164-C77527F9E84F}
		{240A1EF9-06E9-41F1-88F9-E3CA32AF88B1} = {D1CFDE0D-5FBD-4143-B164-C77527F9E84F}
		{280B529E-D3ED-43B5-8778-0ABD2AC5C346} = {D1CFDE0D-5FBD-4143-B164-C77527F9E84F}
		{102B2F75-66E3-4FF0-8549-1F5B8E26854B} = {D1CFDE0D-5FBD-4143-B164-C77527F9E84F}
		{1FA40F8A-0D62-4A39-B4F6-09BB0D990663} = {F50ADB4B-3B7F-4A5E-928C-EF32CD1BA866}
		{C898E3D0-BF54-4897-8955-08948CDF825D} = {30F34A1E-63FF-4BB4-ADB7-80F304C356A8}
		{F7C32FB0-589D-4B78-BE7F-B0D12C1FBEA5} = {938CCB21-ABFE-4F2D-9FE1-4024A3E7F237}
		{6F579979-21B4-4813-8EC9-9C6C7529C2FE} = {D1CFDE0D-5FBD-4143-B164-C77527F9E84F}
		{630FE309-13E9-4E72-ABBC-5592EEC7CC4B} = {30F34A1E-63FF-4BB4-ADB7-80F304C356A8}
		{F75765AB-6FDE-44FA-B6AC-B5613C6A0C00} = {630FE309-13E9-4E72-ABBC-5592EEC7CC4B}
		{FF83A6BB-E7B1-406F-96CF-D25F8F448C01} = {938CCB21-ABFE-4F2D-9FE1-4024A3E7F237}
		{9A69C051-610C-4F95-AB3D-6028BCCE8116} = {30F34A1E-63FF-4BB4-ADB7-80F304C356A8}
	EndGlobalSection
	GlobalSection(ExtensibilityGlobals) = postSolution
		SolutionGuid = {FF33D655-7913-49CE-90DE-24BB5A7DA8E0}
	EndGlobalSection
EndGlobal
